
Microsoft Visual Studio Solution File, Format Version 12.00
# Visual Studio Version 16
VisualStudioVersion = 16.0.31321.278
MinimumVisualStudioVersion = 10.0.40219.1
Project("{FAE04EC0-301F-11D3-BF4B-00C04F79EFBC}") = "CalcoloVD", "DataCalc\CalcoloVD.csproj", "{A2CBD53E-AB6E-46B0-AA21-AFCC7E5317A5}"
EndProject
Global
	GlobalSection(SolutionConfigurationPlatforms) = preSolution
		Debug|Any CPU = Debug|Any CPU
		Release|Any CPU = Release|Any CPU
	EndGlobalSection
	GlobalSection(ProjectConfigurationPlatforms) = postSolution
		{A2CBD53E-AB6E-46B0-AA21-AFCC7E5317A5}.Debug|Any CPU.ActiveCfg = Debug|Any CPU
		{A2CBD53E-AB6E-46B0-AA21-AFCC7E5317A5}.Debug|Any CPU.Build.0 = Debug|Any CPU
		{A2CBD53E-AB6E-46B0-AA21-AFCC7E5317A5}.Release|Any CPU.ActiveCfg = Release|Any CPU
		{A2CBD53E-AB6E-46B0-AA21-AFCC7E5317A5}.Release|Any CPU.Build.0 = Release|Any CPU
	EndGlobalSection
	GlobalSection(SolutionProperties) = preSolution
		HideSolutionNode = FALSE
	EndGlobalSection
	GlobalSection(ExtensibilityGlobals) = postSolution
		SolutionGuid = {6FDE91ED-2CE8-4554-ABAA-E49FA6345092}
		BuildVersion_BuildVersioningStyle = None.None.Increment.None
		BuildVersion_UpdateAssemblyVersion = True
		BuildVersion_StartDate = 2000/1/1
		BuildVersion_AssemblyInfoFilename = DataCalc\Properties\AssemblyInfo.cs
		BuildVersion_ConfigurationName = Debug
		BuildVersion_BuildAction = Both
	EndGlobalSection
EndGlobal
